{
  "name": "gpt-test-blog",
  "version": "1.0.0",
  "lockfileVersion": 3,
  "requires": true,
  "packages": {
    "": {
      "name": "gpt-test-blog",
      "version": "1.0.0",
      "dependencies": {
        "next": "latest",
        "react": "latest",
        "react-dom": "latest"
      }
    }
  }
}
